
Microsoft Visual Studio Solution File, Format Version 12.00
# Visual Studio Version 16
VisualStudioVersion = 16.0.29503.13
MinimumVisualStudioVersion = 10.0.40219.1
Project("{FAE04EC0-301F-11D3-BF4B-00C04F79EFBC}") = "RuleEngineApp", "RuleEngineApp\RuleEngineApp.csproj", "{383B5026-B070-43E8-9993-0B4935EE3371}"
EndProject
Project("{FAE04EC0-301F-11D3-BF4B-00C04F79EFBC}") = "RuleEnginePattern", "RuleEnginePattern\RuleEnginePattern.csproj", "{5767D10D-2B9F-4248-A730-BB30F92C9333}"
EndProject
Project("{FAE04EC0-301F-11D3-BF4B-00C04F79EFBC}") = "RuleEnginePattern.Tests", "RuleEnginePattern.Tests\RuleEnginePattern.Tests.csproj", "{7186F1F5-C862-487D-BC6E-11B7A0F2AC38}"
EndProject
Global
	GlobalSection(SolutionConfigurationPlatforms) = preSolution
		Debug|Any CPU = Debug|Any CPU
		Release|Any CPU = Release|Any CPU
	EndGlobalSection
	GlobalSection(ProjectConfigurationPlatforms) = postSolution
		{383B5026-B070-43E8-9993-0B4935EE3371}.Debug|Any CPU.ActiveCfg = Debug|Any CPU
		{383B5026-B070-43E8-9993-0B4935EE3371}.Debug|Any CPU.Build.0 = Debug|Any CPU
		{383B5026-B070-43E8-9993-0B4935EE3371}.Release|Any CPU.ActiveCfg = Release|Any CPU
		{383B5026-B070-43E8-9993-0B4935EE3371}.Release|Any CPU.Build.0 = Release|Any CPU
		{5767D10D-2B9F-4248-A730-BB30F92C9333}.Debug|Any CPU.ActiveCfg = Debug|Any CPU
		{5767D10D-2B9F-4248-A730-BB30F92C9333}.Debug|Any CPU.Build.0 = Debug|Any CPU
		{5767D10D-2B9F-4248-A730-BB30F92C9333}.Release|Any CPU.ActiveCfg = Release|Any CPU
		{5767D10D-2B9F-4248-A730-BB30F92C9333}.Release|Any CPU.Build.0 = Release|Any CPU
		{7186F1F5-C862-487D-BC6E-11B7A0F2AC38}.Debug|Any CPU.ActiveCfg = Debug|Any CPU
		{7186F1F5-C862-487D-BC6E-11B7A0F2AC38}.Debug|Any CPU.Build.0 = Debug|Any CPU
		{7186F1F5-C862-487D-BC6E-11B7A0F2AC38}.Release|Any CPU.ActiveCfg = Release|Any CPU
		{7186F1F5-C862-487D-BC6E-11B7A0F2AC38}.Release|Any CPU.Build.0 = Release|Any CPU
	EndGlobalSection
	GlobalSection(SolutionProperties) = preSolution
		HideSolutionNode = FALSE
	EndGlobalSection
	GlobalSection(ExtensibilityGlobals) = postSolution
		SolutionGuid = {61485FD0-D8E9-4D68-930A-8EF21A6777F9}
	EndGlobalSection
EndGlobal
